
Microsoft Visual Studio Solution File, Format Version 12.00
# Visual Studio Version 17
VisualStudioVersion = 17.9.34728.123
MinimumVisualStudioVersion = 10.0.40219.1
Project("{FAE04EC0-301F-11D3-BF4B-00C04F79EFBC}") = "OOP 3", "OOP 3.csproj", "{116AACC8-E064-4856-8185-133C6229A7FD}"
EndProject
Global
	GlobalSection(SolutionConfigurationPlatforms) = preSolution
		Debug|Any CPU = Debug|Any CPU
		Release|Any CPU = Release|Any CPU
	EndGlobalSection
	GlobalSection(ProjectConfigurationPlatforms) = postSolution
		{116AACC8-E064-4856-8185-133C6229A7FD}.Debug|Any CPU.ActiveCfg = Debug|Any CPU
		{116AACC8-E064-4856-8185-133C6229A7FD}.Debug|Any CPU.Build.0 = Debug|Any CPU
		{116AACC8-E064-4856-8185-133C6229A7FD}.Release|Any CPU.ActiveCfg = Release|Any CPU
		{116AACC8-E064-4856-8185-133C6229A7FD}.Release|Any CPU.Build.0 = Release|Any CPU
	EndGlobalSection
	GlobalSection(SolutionProperties) = preSolution
		HideSolutionNode = FALSE
	EndGlobalSection
	GlobalSection(ExtensibilityGlobals) = postSolution
		SolutionGuid = {F0244EDF-438A-41E8-B4CA-E3BB68F8D029}
	EndGlobalSection
EndGlobal
